
Microsoft Visual Studio Solution File, Format Version 12.00
# Visual Studio 2013
VisualStudioVersion = 12.0.30723.0
MinimumVisualStudioVersion = 10.0.40219.1
Project("{FAE04EC0-301F-11D3-BF4B-00C04F79EFBC}") = "TestableXmlSerialization", "TestableXmlSerialization\TestableXmlSerialization.csproj", "{263519B5-F5B8-4638-B39E-8398D677A13E}"
EndProject
Project("{FAE04EC0-301F-11D3-BF4B-00C04F79EFBC}") = "TestableXmlSerialization.Specs", "TestableXmlSerialization.Specs\TestableXmlSerialization.Specs.csproj", "{91B09793-7CDB-4B0C-8D6A-A92C4F622A31}"
EndProject
Global
	GlobalSection(SolutionConfigurationPlatforms) = preSolution
		Debug|Any CPU = Debug|Any CPU
		Release|Any CPU = Release|Any CPU
	EndGlobalSection
	GlobalSection(ProjectConfigurationPlatforms) = postSolution
		{263519B5-F5B8-4638-B39E-8398D677A13E}.Debug|Any CPU.ActiveCfg = Debug|Any CPU
		{263519B5-F5B8-4638-B39E-8398D677A13E}.Debug|Any CPU.Build.0 = Debug|Any CPU
		{263519B5-F5B8-4638-B39E-8398D677A13E}.Release|Any CPU.ActiveCfg = Release|Any CPU
		{263519B5-F5B8-4638-B39E-8398D677A13E}.Release|Any CPU.Build.0 = Release|Any CPU
		{91B09793-7CDB-4B0C-8D6A-A92C4F622A31}.Debug|Any CPU.ActiveCfg = Debug|Any CPU
		{91B09793-7CDB-4B0C-8D6A-A92C4F622A31}.Debug|Any CPU.Build.0 = Debug|Any CPU
		{91B09793-7CDB-4B0C-8D6A-A92C4F622A31}.Release|Any CPU.ActiveCfg = Release|Any CPU
		{91B09793-7CDB-4B0C-8D6A-A92C4F622A31}.Release|Any CPU.Build.0 = Release|Any CPU
	EndGlobalSection
	GlobalSection(SolutionProperties) = preSolution
		HideSolutionNode = FALSE
	EndGlobalSection
EndGlobal
